
Microsoft Visual Studio Solution File, Format Version 12.00
# Visual Studio 15
VisualStudioVersion = 15.0.27703.2026
MinimumVisualStudioVersion = 10.0.40219.1
Project("{FAE04EC0-301F-11D3-BF4B-00C04F79EFBC}") = "DocumentAdjuster", "DocumentAdjuster\DocumentAdjuster.csproj", "{86620232-F3F9-4C01-882C-A3A730209FF0}"
EndProject
Project("{FAE04EC0-301F-11D3-BF4B-00C04F79EFBC}") = "Kontur.Recognition.Core", "Kontur.Recognition.Core\Kontur.Recognition.Core.csproj", "{007BCB6C-A591-4308-B0CE-7C34009B16DE}"
EndProject
Global
	GlobalSection(SolutionConfigurationPlatforms) = preSolution
		Debug|Any CPU = Debug|Any CPU
		Release|Any CPU = Release|Any CPU
	EndGlobalSection
	GlobalSection(ProjectConfigurationPlatforms) = postSolution
		{86620232-F3F9-4C01-882C-A3A730209FF0}.Debug|Any CPU.ActiveCfg = Debug|Any CPU
		{86620232-F3F9-4C01-882C-A3A730209FF0}.Debug|Any CPU.Build.0 = Debug|Any CPU
		{86620232-F3F9-4C01-882C-A3A730209FF0}.Release|Any CPU.ActiveCfg = Release|Any CPU
		{86620232-F3F9-4C01-882C-A3A730209FF0}.Release|Any CPU.Build.0 = Release|Any CPU
		{007BCB6C-A591-4308-B0CE-7C34009B16DE}.Debug|Any CPU.ActiveCfg = Debug|Any CPU
		{007BCB6C-A591-4308-B0CE-7C34009B16DE}.Debug|Any CPU.Build.0 = Debug|Any CPU
		{007BCB6C-A591-4308-B0CE-7C34009B16DE}.Release|Any CPU.ActiveCfg = Release|Any CPU
		{007BCB6C-A591-4308-B0CE-7C34009B16DE}.Release|Any CPU.Build.0 = Release|Any CPU
	EndGlobalSection
	GlobalSection(SolutionProperties) = preSolution
		HideSolutionNode = FALSE
	EndGlobalSection
	GlobalSection(ExtensibilityGlobals) = postSolution
		SolutionGuid = {DE6C9D7D-848C-43B4-A90B-E8E63089BCAC}
	EndGlobalSection
EndGlobal
